
Microsoft Visual Studio Solution File, Format Version 12.00
# Visual Studio Version 17
VisualStudioVersion = 17.4.33213.308
MinimumVisualStudioVersion = 10.0.40219.1
Project("{FAE04EC0-301F-11D3-BF4B-00C04F79EFBC}") = "diff blackjack try", "diff blackjack try\diff blackjack try.csproj", "{BD69BEF4-3295-42F2-8BC1-2E558AAA65B0}"
EndProject
Global
	GlobalSection(SolutionConfigurationPlatforms) = preSolution
		Debug|Any CPU = Debug|Any CPU
		Release|Any CPU = Release|Any CPU
	EndGlobalSection
	GlobalSection(ProjectConfigurationPlatforms) = postSolution
		{BD69BEF4-3295-42F2-8BC1-2E558AAA65B0}.Debug|Any CPU.ActiveCfg = Debug|Any CPU
		{BD69BEF4-3295-42F2-8BC1-2E558AAA65B0}.Debug|Any CPU.Build.0 = Debug|Any CPU
		{BD69BEF4-3295-42F2-8BC1-2E558AAA65B0}.Release|Any CPU.ActiveCfg = Release|Any CPU
		{BD69BEF4-3295-42F2-8BC1-2E558AAA65B0}.Release|Any CPU.Build.0 = Release|Any CPU
	EndGlobalSection
	GlobalSection(SolutionProperties) = preSolution
		HideSolutionNode = FALSE
	EndGlobalSection
	GlobalSection(ExtensibilityGlobals) = postSolution
		SolutionGuid = {D7C865A7-124D-49E5-B2A2-F863C167E8AD}
	EndGlobalSection
EndGlobal
